
Microsoft Visual Studio Solution File, Format Version 12.00
# Visual Studio Version 16
VisualStudioVersion = 16.0.31702.278
MinimumVisualStudioVersion = 10.0.40219.1
Project("{FAE04EC0-301F-11D3-BF4B-00C04F79EFBC}") = "Dictionary - CSharp", "Dictionary - CSharp\Dictionary - CSharp.csproj", "{897FECF0-9242-46E2-A48C-FBD047C823D1}"
EndProject
Global
	GlobalSection(SolutionConfigurationPlatforms) = preSolution
		Debug|Any CPU = Debug|Any CPU
		Release|Any CPU = Release|Any CPU
	EndGlobalSection
	GlobalSection(ProjectConfigurationPlatforms) = postSolution
		{897FECF0-9242-46E2-A48C-FBD047C823D1}.Debug|Any CPU.ActiveCfg = Debug|Any CPU
		{897FECF0-9242-46E2-A48C-FBD047C823D1}.Debug|Any CPU.Build.0 = Debug|Any CPU
		{897FECF0-9242-46E2-A48C-FBD047C823D1}.Release|Any CPU.ActiveCfg = Release|Any CPU
		{897FECF0-9242-46E2-A48C-FBD047C823D1}.Release|Any CPU.Build.0 = Release|Any CPU
	EndGlobalSection
	GlobalSection(SolutionProperties) = preSolution
		HideSolutionNode = FALSE
	EndGlobalSection
	GlobalSection(ExtensibilityGlobals) = postSolution
		SolutionGuid = {F891C948-1DAF-485C-8804-87F3FA723E51}
	EndGlobalSection
EndGlobal
