
Microsoft Visual Studio Solution File, Format Version 12.00
# Visual Studio Version 17
VisualStudioVersion = 17.1.32228.430
MinimumVisualStudioVersion = 10.0.40219.1
Project("{FAE04EC0-301F-11D3-BF4B-00C04F79EFBC}") = "Dictionary - CSharp", "Dictionary - CSharp\Dictionary - CSharp.csproj", "{897FECF0-9242-46E2-A48C-FBD047C823D1}"
EndProject
Project("{FAE04EC0-301F-11D3-BF4B-00C04F79EFBC}") = "ExceptionHandling - CSharp", "ExceptionHandling - CSharp\ExceptionHandling - CSharp.csproj", "{4D16AE94-DB45-49B0-B76B-A6F8F1C8BEFA}"
EndProject
Project("{FAE04EC0-301F-11D3-BF4B-00C04F79EFBC}") = "Advanced Breakpoints - CSharp", "Advanced Breakpoints - CSharp\Advanced Breakpoints - CSharp.csproj", "{A911A5A8-B636-4B01-9D1E-F6F089263F85}"
EndProject
Project("{FAE04EC0-301F-11D3-BF4B-00C04F79EFBC}") = "OOP1 - Static Class - CSharp", "Static Class - CSharp\OOP1 - Static Class - CSharp.csproj", "{567796C2-707E-4D4D-9248-FC98F6C33BEE}"
EndProject
Project("{FAE04EC0-301F-11D3-BF4B-00C04F79EFBC}") = "OOP1 - Instantiated Class - CSharp", "Instantiated Class - CSharp\OOP1 - Instantiated Class - CSharp.csproj", "{87C7FCDC-FC53-4E78-B44D-886A78ECFA1E}"
EndProject
Project("{FAE04EC0-301F-11D3-BF4B-00C04F79EFBC}") = "OOP1 - Properties - CSharp", "OOP1 - Properties - CSharp\OOP1 - Properties - CSharp.csproj", "{D9DC4D16-4341-4E4A-8CA8-00A5086CB03C}"
EndProject
Project("{FAE04EC0-301F-11D3-BF4B-00C04F79EFBC}") = "OOP1 - Console UI - Class Library Demo - CSharp", "OOP1 - Class Library Demo - CSharp\OOP1 - Console UI - Class Library Demo - CSharp.csproj", "{58BF98EA-40AF-49D7-BBB2-F1474731AD08}"
EndProject
Project("{FAE04EC0-301F-11D3-BF4B-00C04F79EFBC}") = "OOP1 - DemoLibrary - Class Library Demo - CSharp", "OOP1 - DemoLibrary - Class Library Demo - CSharp\OOP1 - DemoLibrary - Class Library Demo - CSharp.csproj", "{5FA93715-7BA4-4D69-988A-4CC24704DB32}"
EndProject
Project("{FAE04EC0-301F-11D3-BF4B-00C04F79EFBC}") = "OOP2 - InheritanceDemo", "InheritanceDemo\OOP2 - InheritanceDemo.csproj", "{E4A7F47C-1431-4ED6-9253-1DF6DD832BF2}"
EndProject
Project("{FAE04EC0-301F-11D3-BF4B-00C04F79EFBC}") = "OOP2 - InterfaceDemo", "InterfaceDemo\OOP2 - InterfaceDemo.csproj", "{0B969722-02C0-4E60-818B-1C67EBED0E52}"
EndProject
Project("{FAE04EC0-301F-11D3-BF4B-00C04F79EFBC}") = "MiniProject - Inheritance - Interface", "MiniProject - Inheritance - Interface\MiniProject - Inheritance - Interface.csproj", "{EAFA28F1-58B7-46F3-846A-23AFF5FF4B10}"
EndProject
Project("{FAE04EC0-301F-11D3-BF4B-00C04F79EFBC}") = "OOP2 - AccessModifiersDemo", "OOP2 - AccessModifiersDemo\OOP2 - AccessModifiersDemo.csproj", "{7FCA2854-74AF-41FE-8849-AD8793AFD3BF}"
EndProject
Project("{FAE04EC0-301F-11D3-BF4B-00C04F79EFBC}") = "OOP2 - AccessModifiersDemo - Class Library", "OOP2 - AccessModifiersDemo - Class Library\OOP2 - AccessModifiersDemo - Class Library.csproj", "{771CEB57-C089-479D-AD12-FA2D1BFBE399}"
EndProject
Project("{FAE04EC0-301F-11D3-BF4B-00C04F79EFBC}") = "DotNet - ADO DotNet", "DotNet - ADO DotNet\DotNet - ADO DotNet.csproj", "{713EDB05-22FF-44CF-B922-8459FB37D3EE}"
EndProject
Project("{FAE04EC0-301F-11D3-BF4B-00C04F79EFBC}") = "DotNet - EntityFramework1", "DotNet - EntityFramework1\DotNet - EntityFramework1.csproj", "{5CDA810A-DBDE-4846-AC9D-D5676893432C}"
EndProject
Project("{FAE04EC0-301F-11D3-BF4B-00C04F79EFBC}") = "CSharp -Collections", "CSharp -Collections\CSharp -Collections.csproj", "{03D999FD-C093-4578-99DC-DD5BB670F5F1}"
EndProject
Project("{FAE04EC0-301F-11D3-BF4B-00C04F79EFBC}") = "CSharp - Properties Dotnettricks", "CSharp - Properties Dotnettricks\CSharp - Properties Dotnettricks.csproj", "{8521680A-3959-4C3C-AE87-5BA6FE9C7A61}"
EndProject
Project("{FAE04EC0-301F-11D3-BF4B-00C04F79EFBC}") = "CSharp - Indexers", "CSharp - Indexers\CSharp - Indexers.csproj", "{327BA1A3-FDCE-4711-BA96-37C0F4DCB1DE}"
EndProject
Project("{FAE04EC0-301F-11D3-BF4B-00C04F79EFBC}") = "CSharp - Extension Method", "CSharp - Extension Method\CSharp - Extension Method.csproj", "{4BA54021-2E97-4C88-8CA8-1FC65FB708F9}"
EndProject
Project("{FAE04EC0-301F-11D3-BF4B-00C04F79EFBC}") = "CSharp - Partial Class", "CSharp - Partial Class\CSharp - Partial Class.csproj", "{D4D74BE3-2ABB-4BCC-BBE6-E0DFD80EF752}"
EndProject
Project("{FAE04EC0-301F-11D3-BF4B-00C04F79EFBC}") = "CSharp - Anonymous Type", "CSharp - Anonymous Type\CSharp - Anonymous Type.csproj", "{A9E2352F-DDF4-4F39-9ED0-F9B4BF5502BE}"
EndProject
Project("{FAE04EC0-301F-11D3-BF4B-00C04F79EFBC}") = "CSharp - Object Type Example", "CSharp - Object Type Example\CSharp - Object Type Example.csproj", "{49C699A7-43D3-4282-BD50-AC230CC75308}"
EndProject
Project("{FAE04EC0-301F-11D3-BF4B-00C04F79EFBC}") = "CSharp - Tuple", "CSharp - Tuple\CSharp - Tuple.csproj", "{8146FFFD-E795-4D6E-B20C-58C23CAB18CC}"
EndProject
Project("{FAE04EC0-301F-11D3-BF4B-00C04F79EFBC}") = "CSharp - Delegates", "CSharp - Delegates\CSharp - Delegates.csproj", "{643209C6-DE70-430A-8118-0DC0A535BB2E}"
EndProject
Project("{FAE04EC0-301F-11D3-BF4B-00C04F79EFBC}") = "CSharp - Events", "CSharp - Events\CSharp - Events.csproj", "{229AB849-C0B8-4277-AC63-DEE06C6E81FA}"
EndProject
Project("{FAE04EC0-301F-11D3-BF4B-00C04F79EFBC}") = "CSharp - Anonymous Method and Lambda Expression", "CSharp - Anonymous Method and Lambda Expression\CSharp - Anonymous Method and Lambda Expression.csproj", "{E4F4A739-1AF7-446A-BE18-2029520C38D7}"
EndProject
Project("{FAE04EC0-301F-11D3-BF4B-00C04F79EFBC}") = "CSharp - Async Programming", "CSharp - Async Programming\CSharp - Async Programming.csproj", "{6FD97E35-744C-491D-B9C1-966B17475A21}"
EndProject
Project("{FAE04EC0-301F-11D3-BF4B-00C04F79EFBC}") = "CSharp - Async Return Types", "CSharp - Async Return Types\CSharp - Async Return Types.csproj", "{24663A10-78BE-4C70-8081-83524566677E}"
EndProject
Project("{FAE04EC0-301F-11D3-BF4B-00C04F79EFBC}") = "CSharp - Async Await Sample", "CSharp - Async Await Sample\CSharp - Async Await Sample.csproj", "{02CAA400-21BC-48D2-9105-0739FDDB0E58}"
EndProject
Project("{FAE04EC0-301F-11D3-BF4B-00C04F79EFBC}") = "SOLID Principles", "SOLID Principles\SOLID Principles.csproj", "{ACE21C63-CD05-4A66-B568-B96BB9BB30C8}"
EndProject
Project("{9A19103F-16F7-4668-BE54-9A1E7A4F7556}") = "DSA Array Test", "DSA Array Test\DSA Array Test.csproj", "{6C0B1A43-844B-42A6-81A0-414EAED1A5F3}"
EndProject
Project("{FAE04EC0-301F-11D3-BF4B-00C04F79EFBC}") = "CSharp Extension Method Demo App", "CSharp Extension Method Demo App\CSharp Extension Method Demo App.csproj", "{5D50E6CA-7C5C-4B11-BF5F-ED0ABAF9C9F2}"
EndProject
Global
	GlobalSection(SolutionConfigurationPlatforms) = preSolution
		Debug|Any CPU = Debug|Any CPU
		Release|Any CPU = Release|Any CPU
	EndGlobalSection
	GlobalSection(ProjectConfigurationPlatforms) = postSolution
		{897FECF0-9242-46E2-A48C-FBD047C823D1}.Debug|Any CPU.ActiveCfg = Debug|Any CPU
		{897FECF0-9242-46E2-A48C-FBD047C823D1}.Debug|Any CPU.Build.0 = Debug|Any CPU
		{897FECF0-9242-46E2-A48C-FBD047C823D1}.Release|Any CPU.ActiveCfg = Release|Any CPU
		{897FECF0-9242-46E2-A48C-FBD047C823D1}.Release|Any CPU.Build.0 = Release|Any CPU
		{4D16AE94-DB45-49B0-B76B-A6F8F1C8BEFA}.Debug|Any CPU.ActiveCfg = Debug|Any CPU
		{4D16AE94-DB45-49B0-B76B-A6F8F1C8BEFA}.Debug|Any CPU.Build.0 = Debug|Any CPU
		{4D16AE94-DB45-49B0-B76B-A6F8F1C8BEFA}.Release|Any CPU.ActiveCfg = Release|Any CPU
		{4D16AE94-DB45-49B0-B76B-A6F8F1C8BEFA}.Release|Any CPU.Build.0 = Release|Any CPU
		{A911A5A8-B636-4B01-9D1E-F6F089263F85}.Debug|Any CPU.ActiveCfg = Debug|Any CPU
		{A911A5A8-B636-4B01-9D1E-F6F089263F85}.Debug|Any CPU.Build.0 = Debug|Any CPU
		{A911A5A8-B636-4B01-9D1E-F6F089263F85}.Release|Any CPU.ActiveCfg = Release|Any CPU
		{A911A5A8-B636-4B01-9D1E-F6F089263F85}.Release|Any CPU.Build.0 = Release|Any CPU
		{567796C2-707E-4D4D-9248-FC98F6C33BEE}.Debug|Any CPU.ActiveCfg = Debug|Any CPU
		{567796C2-707E-4D4D-9248-FC98F6C33BEE}.Debug|Any CPU.Build.0 = Debug|Any CPU
		{567796C2-707E-4D4D-9248-FC98F6C33BEE}.Release|Any CPU.ActiveCfg = Release|Any CPU
		{567796C2-707E-4D4D-9248-FC98F6C33BEE}.Release|Any CPU.Build.0 = Release|Any CPU
		{87C7FCDC-FC53-4E78-B44D-886A78ECFA1E}.Debug|Any CPU.ActiveCfg = Debug|Any CPU
		{87C7FCDC-FC53-4E78-B44D-886A78ECFA1E}.Debug|Any CPU.Build.0 = Debug|Any CPU
		{87C7FCDC-FC53-4E78-B44D-886A78ECFA1E}.Release|Any CPU.ActiveCfg = Release|Any CPU
		{87C7FCDC-FC53-4E78-B44D-886A78ECFA1E}.Release|Any CPU.Build.0 = Release|Any CPU
		{D9DC4D16-4341-4E4A-8CA8-00A5086CB03C}.Debug|Any CPU.ActiveCfg = Debug|Any CPU
		{D9DC4D16-4341-4E4A-8CA8-00A5086CB03C}.Debug|Any CPU.Build.0 = Debug|Any CPU
		{D9DC4D16-4341-4E4A-8CA8-00A5086CB03C}.Release|Any CPU.ActiveCfg = Release|Any CPU
		{D9DC4D16-4341-4E4A-8CA8-00A5086CB03C}.Release|Any CPU.Build.0 = Release|Any CPU
		{58BF98EA-40AF-49D7-BBB2-F1474731AD08}.Debug|Any CPU.ActiveCfg = Debug|Any CPU
		{58BF98EA-40AF-49D7-BBB2-F1474731AD08}.Debug|Any CPU.Build.0 = Debug|Any CPU
		{58BF98EA-40AF-49D7-BBB2-F1474731AD08}.Release|Any CPU.ActiveCfg = Release|Any CPU
		{58BF98EA-40AF-49D7-BBB2-F1474731AD08}.Release|Any CPU.Build.0 = Release|Any CPU
		{5FA93715-7BA4-4D69-988A-4CC24704DB32}.Debug|Any CPU.ActiveCfg = Debug|Any CPU
		{5FA93715-7BA4-4D69-988A-4CC24704DB32}.Debug|Any CPU.Build.0 = Debug|Any CPU
		{5FA93715-7BA4-4D69-988A-4CC24704DB32}.Release|Any CPU.ActiveCfg = Release|Any CPU
		{5FA93715-7BA4-4D69-988A-4CC24704DB32}.Release|Any CPU.Build.0 = Release|Any CPU
		{E4A7F47C-1431-4ED6-9253-1DF6DD832BF2}.Debug|Any CPU.ActiveCfg = Debug|Any CPU
		{E4A7F47C-1431-4ED6-9253-1DF6DD832BF2}.Debug|Any CPU.Build.0 = Debug|Any CPU
		{E4A7F47C-1431-4ED6-9253-1DF6DD832BF2}.Release|Any CPU.ActiveCfg = Release|Any CPU
		{E4A7F47C-1431-4ED6-9253-1DF6DD832BF2}.Release|Any CPU.Build.0 = Release|Any CPU
		{0B969722-02C0-4E60-818B-1C67EBED0E52}.Debug|Any CPU.ActiveCfg = Debug|Any CPU
		{0B969722-02C0-4E60-818B-1C67EBED0E52}.Debug|Any CPU.Build.0 = Debug|Any CPU
		{0B969722-02C0-4E60-818B-1C67EBED0E52}.Release|Any CPU.ActiveCfg = Release|Any CPU
		{0B969722-02C0-4E60-818B-1C67EBED0E52}.Release|Any CPU.Build.0 = Release|Any CPU
		{EAFA28F1-58B7-46F3-846A-23AFF5FF4B10}.Debug|Any CPU.ActiveCfg = Debug|Any CPU
		{EAFA28F1-58B7-46F3-846A-23AFF5FF4B10}.Debug|Any CPU.Build.0 = Debug|Any CPU
		{EAFA28F1-58B7-46F3-846A-23AFF5FF4B10}.Release|Any CPU.ActiveCfg = Release|Any CPU
		{EAFA28F1-58B7-46F3-846A-23AFF5FF4B10}.Release|Any CPU.Build.0 = Release|Any CPU
		{7FCA2854-74AF-41FE-8849-AD8793AFD3BF}.Debug|Any CPU.ActiveCfg = Debug|Any CPU
		{7FCA2854-74AF-41FE-8849-AD8793AFD3BF}.Debug|Any CPU.Build.0 = Debug|Any CPU
		{7FCA2854-74AF-41FE-8849-AD8793AFD3BF}.Release|Any CPU.ActiveCfg = Release|Any CPU
		{7FCA2854-74AF-41FE-8849-AD8793AFD3BF}.Release|Any CPU.Build.0 = Release|Any CPU
		{771CEB57-C089-479D-AD12-FA2D1BFBE399}.Debug|Any CPU.ActiveCfg = Debug|Any CPU
		{771CEB57-C089-479D-AD12-FA2D1BFBE399}.Debug|Any CPU.Build.0 = Debug|Any CPU
		{771CEB57-C089-479D-AD12-FA2D1BFBE399}.Release|Any CPU.ActiveCfg = Release|Any CPU
		{771CEB57-C089-479D-AD12-FA2D1BFBE399}.Release|Any CPU.Build.0 = Release|Any CPU
		{713EDB05-22FF-44CF-B922-8459FB37D3EE}.Debug|Any CPU.ActiveCfg = Debug|Any CPU
		{713EDB05-22FF-44CF-B922-8459FB37D3EE}.Debug|Any CPU.Build.0 = Debug|Any CPU
		{713EDB05-22FF-44CF-B922-8459FB37D3EE}.Release|Any CPU.ActiveCfg = Release|Any CPU
		{713EDB05-22FF-44CF-B922-8459FB37D3EE}.Release|Any CPU.Build.0 = Release|Any CPU
		{5CDA810A-DBDE-4846-AC9D-D5676893432C}.Debug|Any CPU.ActiveCfg = Debug|Any CPU
		{5CDA810A-DBDE-4846-AC9D-D5676893432C}.Debug|Any CPU.Build.0 = Debug|Any CPU
		{5CDA810A-DBDE-4846-AC9D-D5676893432C}.Release|Any CPU.ActiveCfg = Release|Any CPU
		{5CDA810A-DBDE-4846-AC9D-D5676893432C}.Release|Any CPU.Build.0 = Release|Any CPU
		{03D999FD-C093-4578-99DC-DD5BB670F5F1}.Debug|Any CPU.ActiveCfg = Debug|Any CPU
		{03D999FD-C093-4578-99DC-DD5BB670F5F1}.Debug|Any CPU.Build.0 = Debug|Any CPU
		{03D999FD-C093-4578-99DC-DD5BB670F5F1}.Release|Any CPU.ActiveCfg = Release|Any CPU
		{03D999FD-C093-4578-99DC-DD5BB670F5F1}.Release|Any CPU.Build.0 = Release|Any CPU
		{8521680A-3959-4C3C-AE87-5BA6FE9C7A61}.Debug|Any CPU.ActiveCfg = Debug|Any CPU
		{8521680A-3959-4C3C-AE87-5BA6FE9C7A61}.Debug|Any CPU.Build.0 = Debug|Any CPU
		{8521680A-3959-4C3C-AE87-5BA6FE9C7A61}.Release|Any CPU.ActiveCfg = Release|Any CPU
		{8521680A-3959-4C3C-AE87-5BA6FE9C7A61}.Release|Any CPU.Build.0 = Release|Any CPU
		{327BA1A3-FDCE-4711-BA96-37C0F4DCB1DE}.Debug|Any CPU.ActiveCfg = Debug|Any CPU
		{327BA1A3-FDCE-4711-BA96-37C0F4DCB1DE}.Debug|Any CPU.Build.0 = Debug|Any CPU
		{327BA1A3-FDCE-4711-BA96-37C0F4DCB1DE}.Release|Any CPU.ActiveCfg = Release|Any CPU
		{327BA1A3-FDCE-4711-BA96-37C0F4DCB1DE}.Release|Any CPU.Build.0 = Release|Any CPU
		{4BA54021-2E97-4C88-8CA8-1FC65FB708F9}.Debug|Any CPU.ActiveCfg = Debug|Any CPU
		{4BA54021-2E97-4C88-8CA8-1FC65FB708F9}.Debug|Any CPU.Build.0 = Debug|Any CPU
		{4BA54021-2E97-4C88-8CA8-1FC65FB708F9}.Release|Any CPU.ActiveCfg = Release|Any CPU
		{4BA54021-2E97-4C88-8CA8-1FC65FB708F9}.Release|Any CPU.Build.0 = Release|Any CPU
		{D4D74BE3-2ABB-4BCC-BBE6-E0DFD80EF752}.Debug|Any CPU.ActiveCfg = Debug|Any CPU
		{D4D74BE3-2ABB-4BCC-BBE6-E0DFD80EF752}.Debug|Any CPU.Build.0 = Debug|Any CPU
		{D4D74BE3-2ABB-4BCC-BBE6-E0DFD80EF752}.Release|Any CPU.ActiveCfg = Release|Any CPU
		{D4D74BE3-2ABB-4BCC-BBE6-E0DFD80EF752}.Release|Any CPU.Build.0 = Release|Any CPU
		{A9E2352F-DDF4-4F39-9ED0-F9B4BF5502BE}.Debug|Any CPU.ActiveCfg = Debug|Any CPU
		{A9E2352F-DDF4-4F39-9ED0-F9B4BF5502BE}.Debug|Any CPU.Build.0 = Debug|Any CPU
		{A9E2352F-DDF4-4F39-9ED0-F9B4BF5502BE}.Release|Any CPU.ActiveCfg = Release|Any CPU
		{A9E2352F-DDF4-4F39-9ED0-F9B4BF5502BE}.Release|Any CPU.Build.0 = Release|Any CPU
		{49C699A7-43D3-4282-BD50-AC230CC75308}.Debug|Any CPU.ActiveCfg = Debug|Any CPU
		{49C699A7-43D3-4282-BD50-AC230CC75308}.Debug|Any CPU.Build.0 = Debug|Any CPU
		{49C699A7-43D3-4282-BD50-AC230CC75308}.Release|Any CPU.ActiveCfg = Release|Any CPU
		{49C699A7-43D3-4282-BD50-AC230CC75308}.Release|Any CPU.Build.0 = Release|Any CPU
		{8146FFFD-E795-4D6E-B20C-58C23CAB18CC}.Debug|Any CPU.ActiveCfg = Debug|Any CPU
		{8146FFFD-E795-4D6E-B20C-58C23CAB18CC}.Debug|Any CPU.Build.0 = Debug|Any CPU
		{8146FFFD-E795-4D6E-B20C-58C23CAB18CC}.Release|Any CPU.ActiveCfg = Release|Any CPU
		{8146FFFD-E795-4D6E-B20C-58C23CAB18CC}.Release|Any CPU.Build.0 = Release|Any CPU
		{643209C6-DE70-430A-8118-0DC0A535BB2E}.Debug|Any CPU.ActiveCfg = Debug|Any CPU
		{643209C6-DE70-430A-8118-0DC0A535BB2E}.Debug|Any CPU.Build.0 = Debug|Any CPU
		{643209C6-DE70-430A-8118-0DC0A535BB2E}.Release|Any CPU.ActiveCfg = Release|Any CPU
		{643209C6-DE70-430A-8118-0DC0A535BB2E}.Release|Any CPU.Build.0 = Release|Any CPU
		{229AB849-C0B8-4277-AC63-DEE06C6E81FA}.Debug|Any CPU.ActiveCfg = Debug|Any CPU
		{229AB849-C0B8-4277-AC63-DEE06C6E81FA}.Debug|Any CPU.Build.0 = Debug|Any CPU
		{229AB849-C0B8-4277-AC63-DEE06C6E81FA}.Release|Any CPU.ActiveCfg = Release|Any CPU
		{229AB849-C0B8-4277-AC63-DEE06C6E81FA}.Release|Any CPU.Build.0 = Release|Any CPU
		{E4F4A739-1AF7-446A-BE18-2029520C38D7}.Debug|Any CPU.ActiveCfg = Debug|Any CPU
		{E4F4A739-1AF7-446A-BE18-2029520C38D7}.Debug|Any CPU.Build.0 = Debug|Any CPU
		{E4F4A739-1AF7-446A-BE18-2029520C38D7}.Release|Any CPU.ActiveCfg = Release|Any CPU
		{E4F4A739-1AF7-446A-BE18-2029520C38D7}.Release|Any CPU.Build.0 = Release|Any CPU
		{6FD97E35-744C-491D-B9C1-966B17475A21}.Debug|Any CPU.ActiveCfg = Debug|Any CPU
		{6FD97E35-744C-491D-B9C1-966B17475A21}.Debug|Any CPU.Build.0 = Debug|Any CPU
		{6FD97E35-744C-491D-B9C1-966B17475A21}.Release|Any CPU.ActiveCfg = Release|Any CPU
		{6FD97E35-744C-491D-B9C1-966B17475A21}.Release|Any CPU.Build.0 = Release|Any CPU
		{24663A10-78BE-4C70-8081-83524566677E}.Debug|Any CPU.ActiveCfg = Debug|Any CPU
		{24663A10-78BE-4C70-8081-83524566677E}.Debug|Any CPU.Build.0 = Debug|Any CPU
		{24663A10-78BE-4C70-8081-83524566677E}.Release|Any CPU.ActiveCfg = Release|Any CPU
		{24663A10-78BE-4C70-8081-83524566677E}.Release|Any CPU.Build.0 = Release|Any CPU
		{02CAA400-21BC-48D2-9105-0739FDDB0E58}.Debug|Any CPU.ActiveCfg = Debug|Any CPU
		{02CAA400-21BC-48D2-9105-0739FDDB0E58}.Debug|Any CPU.Build.0 = Debug|Any CPU
		{02CAA400-21BC-48D2-9105-0739FDDB0E58}.Release|Any CPU.ActiveCfg = Release|Any CPU
		{02CAA400-21BC-48D2-9105-0739FDDB0E58}.Release|Any CPU.Build.0 = Release|Any CPU
		{ACE21C63-CD05-4A66-B568-B96BB9BB30C8}.Debug|Any CPU.ActiveCfg = Debug|Any CPU
		{ACE21C63-CD05-4A66-B568-B96BB9BB30C8}.Debug|Any CPU.Build.0 = Debug|Any CPU
		{ACE21C63-CD05-4A66-B568-B96BB9BB30C8}.Release|Any CPU.ActiveCfg = Release|Any CPU
		{ACE21C63-CD05-4A66-B568-B96BB9BB30C8}.Release|Any CPU.Build.0 = Release|Any CPU
		{6C0B1A43-844B-42A6-81A0-414EAED1A5F3}.Debug|Any CPU.ActiveCfg = Debug|Any CPU
		{6C0B1A43-844B-42A6-81A0-414EAED1A5F3}.Debug|Any CPU.Build.0 = Debug|Any CPU
		{6C0B1A43-844B-42A6-81A0-414EAED1A5F3}.Release|Any CPU.ActiveCfg = Release|Any CPU
		{6C0B1A43-844B-42A6-81A0-414EAED1A5F3}.Release|Any CPU.Build.0 = Release|Any CPU
		{5D50E6CA-7C5C-4B11-BF5F-ED0ABAF9C9F2}.Debug|Any CPU.ActiveCfg = Debug|Any CPU
		{5D50E6CA-7C5C-4B11-BF5F-ED0ABAF9C9F2}.Debug|Any CPU.Build.0 = Debug|Any CPU
		{5D50E6CA-7C5C-4B11-BF5F-ED0ABAF9C9F2}.Release|Any CPU.ActiveCfg = Release|Any CPU
		{5D50E6CA-7C5C-4B11-BF5F-ED0ABAF9C9F2}.Release|Any CPU.Build.0 = Release|Any CPU
	EndGlobalSection
	GlobalSection(SolutionProperties) = preSolution
		HideSolutionNode = FALSE
	EndGlobalSection
	GlobalSection(ExtensibilityGlobals) = postSolution
		SolutionGuid = {F891C948-1DAF-485C-8804-87F3FA723E51}
	EndGlobalSection
EndGlobal
